{
  "name": "schedule",
  "version": "1.0.0",
  "lockfileVersion": 2,
  "requires": true,
  "packages": {
    "": {
      "version": "1.0.0",
      "devDependencies": {
        "axios": "^0.21.1",
        "react-moment": "^1.1.1"
      }
    },
    "node_modules/axios": {
      "version": "0.21.1",
      "resolved": "https://registry.npmjs.org/axios/-/axios-0.21.1.tgz",
      "integrity": "sha512-dKQiRHxGD9PPRIUNIWvZhPTPpl1rf/OxTYKsqKUDjBwYylTvV7SjSHJb9ratfyzM6wCdLCOYLzs73qpg5c4iGA==",
      "dev": true,
      "dependencies": {
        "follow-redirects": "^1.10.0"
      }
    },
    "node_modules/follow-redirects": {
      "version": "1.14.0",
      "resolved": "https://registry.npmjs.org/follow-redirects/-/follow-redirects-1.14.0.tgz",
      "integrity": "sha512-0vRwd7RKQBTt+mgu87mtYeofLFZpTas2S9zY+jIeuLJMNvudIgF52nr19q40HOwH5RrhWIPuj9puybzSJiRrVg==",
      "dev": true,
      "engines": {
        "node": ">=4.0"
      }
    },
    "node_modules/react-moment": {
      "version": "1.1.1",
      "resolved": "https://registry.npmjs.org/react-moment/-/react-moment-1.1.1.tgz",
      "integrity": "sha512-WjwvxBSnmLMRcU33do0KixDB+9vP3e84eCse+rd+HNklAMNWyRgZTDEQlay/qK6lcXFPRuEIASJTpEt6pyK7Ww==",
      "dev": true
    }
  },
  "dependencies": {
    "axios": {
      "version": "0.21.1",
      "resolved": "https://registry.npmjs.org/axios/-/axios-0.21.1.tgz",
      "integrity": "sha512-dKQiRHxGD9PPRIUNIWvZhPTPpl1rf/OxTYKsqKUDjBwYylTvV7SjSHJb9ratfyzM6wCdLCOYLzs73qpg5c4iGA==",
      "dev": true,
      "requires": {
        "follow-redirects": "^1.10.0"
      }
    },
    "follow-redirects": {
      "version": "1.14.0",
      "resolved": "https://registry.npmjs.org/follow-redirects/-/follow-redirects-1.14.0.tgz",
      "integrity": "sha512-0vRwd7RKQBTt+mgu87mtYeofLFZpTas2S9zY+jIeuLJMNvudIgF52nr19q40HOwH5RrhWIPuj9puybzSJiRrVg==",
      "dev": true
    },
    "react-moment": {
      "version": "1.1.1",
      "resolved": "https://registry.npmjs.org/react-moment/-/react-moment-1.1.1.tgz",
      "integrity": "sha512-WjwvxBSnmLMRcU33do0KixDB+9vP3e84eCse+rd+HNklAMNWyRgZTDEQlay/qK6lcXFPRuEIASJTpEt6pyK7Ww==",
      "dev": true
    }
  }
}
